
Microsoft Visual Studio Solution File, Format Version 12.00
# Visual Studio Version 17
VisualStudioVersion = 17.9.34902.65
MinimumVisualStudioVersion = 10.0.40219.1
Project("{FAE04EC0-301F-11D3-BF4B-00C04F79EFBC}") = "MISA.CUKCUKDemo.Api", "MISA.CUKCUKDemo.Api.csproj", "{8A796112-A850-4F43-993D-F3DD62D1EE14}"
EndProject
Project("{FAE04EC0-301F-11D3-BF4B-00C04F79EFBC}") = "MISA.CUKCUKDemo.Core", "..\MISA.CUKCUKDemo.Core\MISA.CUKCUKDemo.Core.csproj", "{C8BDFB3A-5872-482E-8EE3-014C54EE9486}"
EndProject
Project("{FAE04EC0-301F-11D3-BF4B-00C04F79EFBC}") = "MISA.CUKCUKDemo.Infrastructure", "..\MISA.CUKCUKDemo.Infrastructure\MISA.CUKCUKDemo.Infrastructure.csproj", "{EB27BBF3-2094-48F9-97D3-21E369912ED7}"
EndProject
Global
	GlobalSection(SolutionConfigurationPlatforms) = preSolution
		Debug|Any CPU = Debug|Any CPU
		Release|Any CPU = Release|Any CPU
	EndGlobalSection
	GlobalSection(ProjectConfigurationPlatforms) = postSolution
		{8A796112-A850-4F43-993D-F3DD62D1EE14}.Debug|Any CPU.ActiveCfg = Debug|Any CPU
		{8A796112-A850-4F43-993D-F3DD62D1EE14}.Debug|Any CPU.Build.0 = Debug|Any CPU
		{8A796112-A850-4F43-993D-F3DD62D1EE14}.Release|Any CPU.ActiveCfg = Release|Any CPU
		{8A796112-A850-4F43-993D-F3DD62D1EE14}.Release|Any CPU.Build.0 = Release|Any CPU
		{C8BDFB3A-5872-482E-8EE3-014C54EE9486}.Debug|Any CPU.ActiveCfg = Debug|Any CPU
		{C8BDFB3A-5872-482E-8EE3-014C54EE9486}.Debug|Any CPU.Build.0 = Debug|Any CPU
		{C8BDFB3A-5872-482E-8EE3-014C54EE9486}.Release|Any CPU.ActiveCfg = Release|Any CPU
		{C8BDFB3A-5872-482E-8EE3-014C54EE9486}.Release|Any CPU.Build.0 = Release|Any CPU
		{EB27BBF3-2094-48F9-97D3-21E369912ED7}.Debug|Any CPU.ActiveCfg = Debug|Any CPU
		{EB27BBF3-2094-48F9-97D3-21E369912ED7}.Debug|Any CPU.Build.0 = Debug|Any CPU
		{EB27BBF3-2094-48F9-97D3-21E369912ED7}.Release|Any CPU.ActiveCfg = Release|Any CPU
		{EB27BBF3-2094-48F9-97D3-21E369912ED7}.Release|Any CPU.Build.0 = Release|Any CPU
	EndGlobalSection
	GlobalSection(SolutionProperties) = preSolution
		HideSolutionNode = FALSE
	EndGlobalSection
	GlobalSection(ExtensibilityGlobals) = postSolution
		SolutionGuid = {86E621BE-9137-4169-91E3-D32D6C9A5779}
	EndGlobalSection
EndGlobal
